// !$*UTF8*$!
{
	archiveVersion = 1;
	classes = {
	};
	objectVersion = 50;
	objects = {

/* Begin PBXBuildFile section */
		409BCF5FC615008027F31CDF /* libPods-camera0320UITests.a in Frameworks */ = {isa = PBXBuildFile; fileRef = FBC6343761B56093C55A603E /* libPods-camera0320UITests.a */; };
		43B6D2990B62C2CDA73E1525 /* Pods_camera0320.framework in Frameworks */ = {isa = PBXBuildFile; fileRef = D4642B1C7ED1C19E529CE159 /* Pods_camera0320.framework */; };
		583325182425043B0063F838 /* AppDelegate.swift in Sources */ = {isa = PBXBuildFile; fileRef = 583325172425043B0063F838 /* AppDelegate.swift */; };
		5833251A2425043B0063F838 /* SceneDelegate.swift in Sources */ = {isa = PBXBuildFile; fileRef = 583325192425043B0063F838 /* SceneDelegate.swift */; };
		5833251C2425043B0063F838 /* ViewController.swift in Sources */ = {isa = PBXBuildFile; fileRef = 5833251B2425043B0063F838 /* ViewController.swift */; };
		5833251F2425043B0063F838 /* Main.storyboard in Resources */ = {isa = PBXBuildFile; fileRef = 5833251D2425043B0063F838 /* Main.storyboard */; };
		583325212425043D0063F838 /* Assets.xcassets in Resources */ = {isa = PBXBuildFile; fileRef = 583325202425043D0063F838 /* Assets.xcassets */; };
		583325242425043D0063F838 /* LaunchScreen.storyboard in Resources */ = {isa = PBXBuildFile; fileRef = 583325222425043D0063F838 /* LaunchScreen.storyboard */; };
		5833252F2425043D0063F838 /* camera0320Tests.swift in Sources */ = {isa = PBXBuildFile; fileRef = 5833252E2425043D0063F838 /* camera0320Tests.swift */; };
		5833253A2425043D0063F838 /* camera0320UITests.swift in Sources */ = {isa = PBXBuildFile; fileRef = 583325392425043D0063F838 /* camera0320UITests.swift */; };
		9782326C66998CF28AD576AC /* libPods-camera0320Tests.a in Frameworks */ = {isa = PBXBuildFile; fileRef = 213078DEC4906E790A0FBBBD /* libPods-camera0320Tests.a */; };
/* End PBXBuildFile section */

/* Begin PBXContainerItemProxy section */
		5833252B2425043D0063F838 /* PBXContainerItemProxy */ = {
			isa = PBXContainerItemProxy;
			containerPortal = 5833250C2425043B0063F838 /* Project object */;
			proxyType = 1;
			remoteGlobalIDString = 583325132425043B0063F838;
			remoteInfo = camera0320;
		};
		583325362425043D0063F838 /* PBXContainerItemProxy */ = {
			isa = PBXContainerItemProxy;
			containerPortal = 5833250C2425043B0063F838 /* Project object */;
			proxyType = 1;
			remoteGlobalIDString = 583325132425043B0063F838;
			remoteInfo = camera0320;
		};
/* End PBXContainerItemProxy section */

/* Begin PBXFileReference section */
		213078DEC4906E790A0FBBBD /* libPods-camera0320Tests.a */ = {isa = PBXFileReference; explicitFileType = archive.ar; includeInIndex = 0; path = "libPods-camera0320Tests.a"; sourceTree = BUILT_PRODUCTS_DIR; };
		583325142425043B0063F838 /* camera0320.app */ = {isa = PBXFileReference; explicitFileType = wrapper.application; includeInIndex = 0; path = camera0320.app; sourceTree = BUILT_PRODUCTS_DIR; };
		583325172425043B0063F838 /* AppDelegate.swift */ = {isa = PBXFileReference; lastKnownFileType = sourcecode.swift; path = AppDelegate.swift; sourceTree = "<group>"; };
		583325192425043B0063F838 /* SceneDelegate.swift */ = {isa = PBXFileReference; lastKnownFileType = sourcecode.swift; path = SceneDelegate.swift; sourceTree = "<group>"; };
		5833251B2425043B0063F838 /* ViewController.swift */ = {isa = PBXFileReference; lastKnownFileType = sourcecode.swift; path = ViewController.swift; sourceTree = "<group>"; };
		5833251E2425043B0063F838 /* Base */ = {isa = PBXFileReference; lastKnownFileType = file.storyboard; name = Base; path = Base.lproj/Main.storyboard; sourceTree = "<group>"; };
		583325202425043D0063F838 /* Assets.xcassets */ = {isa = PBXFileReference; lastKnownFileType = folder.assetcatalog; path = Assets.xcassets; sourceTree = "<group>"; };
		583325232425043D0063F838 /* Base */ = {isa = PBXFileReference; lastKnownFileType = file.storyboard; name = Base; path = Base.lproj/LaunchScreen.storyboard; sourceTree = "<group>"; };
		583325252425043D0063F838 /* Info.plist */ = {isa = PBXFileReference; lastKnownFileType = text.plist.xml; path = Info.plist; sourceTree = "<group>"; };
		5833252A2425043D0063F838 /* camera0320Tests.xctest */ = {isa = PBXFileReference; explicitFileType = wrapper.cfbundle; includeInIndex = 0; path = camera0320Tests.xctest; sourceTree = BUILT_PRODUCTS_DIR; };
		5833252E2425043D0063F838 /* camera0320Tests.swift */ = {isa = PBXFileReference; lastKnownFileType = sourcecode.swift; path = camera0320Tests.swift; sourceTree = "<group>"; };
		583325302425043D0063F838 /* Info.plist */ = {isa = PBXFileReference; lastKnownFileType = text.plist.xml; path = Info.plist; sourceTree = "<group>"; };
		583325352425043D0063F838 /* camera0320UITests.xctest */ = {isa = PBXFileReference; explicitFileType = wrapper.cfbundle; includeInIndex = 0; path = camera0320UITests.xctest; sourceTree = BUILT_PRODUCTS_DIR; };
		583325392425043D0063F838 /* camera0320UITests.swift */ = {isa = PBXFileReference; lastKnownFileType = sourcecode.swift; path = camera0320UITests.swift; sourceTree = "<group>"; };
		5833253B2425043D0063F838 /* Info.plist */ = {isa = PBXFileReference; lastKnownFileType = text.plist.xml; path = Info.plist; sourceTree = "<group>"; };
		635E6AC3EBA9DB1C0441CE50 /* Pods-camera0320.debug.xcconfig */ = {isa = PBXFileReference; includeInIndex = 1; lastKnownFileType = text.xcconfig; name = "Pods-camera0320.debug.xcconfig"; path = "Target Support Files/Pods-camera0320/Pods-camera0320.debug.xcconfig"; sourceTree = "<group>"; };
		8E552C24EE0872A5145060C4 /* Pods-camera0320UITests.release.xcconfig */ = {isa = PBXFileReference; includeInIndex = 1; lastKnownFileType = text.xcconfig; name = "Pods-camera0320UITests.release.xcconfig"; path = "Target Support Files/Pods-camera0320UITests/Pods-camera0320UITests.release.xcconfig"; sourceTree = "<group>"; };
		91B89D2E36D78EAE59FF88E0 /* Pods-camera0320.release.xcconfig */ = {isa = PBXFileReference; includeInIndex = 1; lastKnownFileType = text.xcconfig; name = "Pods-camera0320.release.xcconfig"; path = "Target Support Files/Pods-camera0320/Pods-camera0320.release.xcconfig"; sourceTree = "<group>"; };
		BB18F26E568489A2675C4D78 /* Pods-camera0320Tests.debug.xcconfig */ = {isa = PBXFileReference; includeInIndex = 1; lastKnownFileType = text.xcconfig; name = "Pods-camera0320Tests.debug.xcconfig"; path = "Target Support Files/Pods-camera0320Tests/Pods-camera0320Tests.debug.xcconfig"; sourceTree = "<group>"; };
		CD27A96DBA269DE56FD71E6A /* Pods-camera0320Tests.release.xcconfig */ = {isa = PBXFileReference; includeInIndex = 1; lastKnownFileType = text.xcconfig; name = "Pods-camera0320Tests.release.xcconfig"; path = "Target Support Files/Pods-camera0320Tests/Pods-camera0320Tests.release.xcconfig"; sourceTree = "<group>"; };
		D4642B1C7ED1C19E529CE159 /* Pods_camera0320.framework */ = {isa = PBXFileReference; explicitFileType = wrapper.framework; includeInIndex = 0; path = Pods_camera0320.framework; sourceTree = BUILT_PRODUCTS_DIR; };
		DDA5BD1756EE698CA937C910 /* Pods-camera0320UITests.debug.xcconfig */ = {isa = PBXFileReference; includeInIndex = 1; lastKnownFileType = text.xcconfig; name = "Pods-camera0320UITests.debug.xcconfig"; path = "Target Support Files/Pods-camera0320UITests/Pods-camera0320UITests.debug.xcconfig"; sourceTree = "<group>"; };
		FBC6343761B56093C55A603E /* libPods-camera0320UITests.a */ = {isa = PBXFileReference; explicitFileType = archive.ar; includeInIndex = 0; path = "libPods-camera0320UITests.a"; sourceTree = BUILT_PRODUCTS_DIR; };
/* End PBXFileReference section */

/* Begin PBXFrameworksBuildPhase section */
		583325112425043B0063F838 /* Frameworks */ = {
			isa = PBXFrameworksBuildPhase;
			buildActionMask = 2147483647;
			files = (
				43B6D2990B62C2CDA73E1525 /* Pods_camera0320.framework in Frameworks */,
			);
			runOnlyForDeploymentPostprocessing = 0;
		};
		583325272425043D0063F838 /* Frameworks */ = {
			isa = PBXFrameworksBuildPhase;
			buildActionMask = 2147483647;
			files = (
				9782326C66998CF28AD576AC /* libPods-camera0320Tests.a in Frameworks */,
			);
			runOnlyForDeploymentPostprocessing = 0;
		};
		583325322425043D0063F838 /* Frameworks */ = {
			isa = PBXFrameworksBuildPhase;
			buildActionMask = 2147483647;
			files = (
				409BCF5FC615008027F31CDF /* libPods-camera0320UITests.a in Frameworks */,
			);
			runOnlyForDeploymentPostprocessing = 0;
		};
/* End PBXFrameworksBuildPhase section */

/* Begin PBXGroup section */
		5833250B2425043B0063F838 = {
			isa = PBXGroup;
			children = (
				583325162425043B0063F838 /* camera0320 */,
				5833252D2425043D0063F838 /* camera0320Tests */,
				583325382425043D0063F838 /* camera0320UITests */,
				583325152425043B0063F838 /* Products */,
				F191EDA798723CBE7F1B3398 /* Pods */,
				643CBB9789A80F4963330527 /* Frameworks */,
			);
			sourceTree = "<group>";
		};
		583325152425043B0063F838 /* Products */ = {
			isa = PBXGroup;
			children = (
				583325142425043B0063F838 /* camera0320.app */,
				5833252A2425043D0063F838 /* camera0320Tests.xctest */,
				583325352425043D0063F838 /* camera0320UITests.xctest */,
			);
			name = Products;
			sourceTree = "<group>";
		};
		583325162425043B0063F838 /* camera0320 */ = {
			isa = PBXGroup;
			children = (
				583325172425043B0063F838 /* AppDelegate.swift */,
				583325192425043B0063F838 /* SceneDelegate.swift */,
				5833251B2425043B0063F838 /* ViewController.swift */,
				5833251D2425043B0063F838 /* Main.storyboard */,
				583325202425043D0063F838 /* Assets.xcassets */,
				583325222425043D0063F838 /* LaunchScreen.storyboard */,
				583325252425043D0063F838 /* Info.plist */,
			);
			path = camera0320;
			sourceTree = "<group>";
		};
		5833252D2425043D0063F838 /* camera0320Tests */ = {
			isa = PBXGroup;
			children = (
				5833252E2425043D0063F838 /* camera0320Tests.swift */,
				583325302425043D0063F838 /* Info.plist */,
			);
			path = camera0320Tests;
			sourceTree = "<group>";
		};
		583325382425043D0063F838 /* camera0320UITests */ = {
			isa = PBXGroup;
			children = (
				583325392425043D0063F838 /* camera0320UITests.swift */,
				5833253B2425043D0063F838 /* Info.plist */,
			);
			path = camera0320UITests;
			sourceTree = "<group>";
		};
		643CBB9789A80F4963330527 /* Frameworks */ = {
			isa = PBXGroup;
			children = (
				D4642B1C7ED1C19E529CE159 /* Pods_camera0320.framework */,
				213078DEC4906E790A0FBBBD /* libPods-camera0320Tests.a */,
				FBC6343761B56093C55A603E /* libPods-camera0320UITests.a */,
			);
			name = Frameworks;
			sourceTree = "<group>";
		};
		F191EDA798723CBE7F1B3398 /* Pods */ = {
			isa = PBXGroup;
			children = (
				635E6AC3EBA9DB1C0441CE50 /* Pods-camera0320.debug.xcconfig */,
				91B89D2E36D78EAE59FF88E0 /* Pods-camera0320.release.xcconfig */,
				BB18F26E568489A2675C4D78 /* Pods-camera0320Tests.debug.xcconfig */,
				CD27A96DBA269DE56FD71E6A /* Pods-camera0320Tests.release.xcconfig */,
				DDA5BD1756EE698CA937C910 /* Pods-camera0320UITests.debug.xcconfig */,
				8E552C24EE0872A5145060C4 /* Pods-camera0320UITests.release.xcconfig */,
			);
			name = Pods;
			path = Pods;
			sourceTree = "<group>";
		};
/* End PBXGroup section */

/* Begin PBXNativeTarget section */
		583325132425043B0063F838 /* camera0320 */ = {
			isa = PBXNativeTarget;
			buildConfigurationList = 5833253E2425043D0063F838 /* Build configuration list for PBXNativeTarget "camera0320" */;
			buildPhases = (
				ED20840180405218C4DC1D36 /* [CP] Check Pods Manifest.lock */,
				583325102425043B0063F838 /* Sources */,
				583325112425043B0063F838 /* Frameworks */,
				583325122425043B0063F838 /* Resources */,
				8B53C0D7A38CE59069D6FD8C /* [CP] Embed Pods Frameworks */,
			);
			buildRules = (
			);
			dependencies = (
			);
			name = camera0320;
			productName = camera0320;
			productReference = 583325142425043B0063F838 /* camera0320.app */;
			productType = "com.apple.product-type.application";
		};
		583325292425043D0063F838 /* camera0320Tests */ = {
			isa = PBXNativeTarget;
			buildConfigurationList = 583325412425043D0063F838 /* Build configuration list for PBXNativeTarget "camera0320Tests" */;
			buildPhases = (
				AFB7A2DF93B96DBFCF755A1D /* [CP] Check Pods Manifest.lock */,
				583325262425043D0063F838 /* Sources */,
				583325272425043D0063F838 /* Frameworks */,
				583325282425043D0063F838 /* Resources */,
			);
			buildRules = (
			);
			dependencies = (
				5833252C2425043D0063F838 /* PBXTargetDependency */,
			);
			name = camera0320Tests;
			productName = camera0320Tests;
			productReference = 5833252A2425043D0063F838 /* camera0320Tests.xctest */;
			productType = "com.apple.product-type.bundle.unit-test";
		};
		583325342425043D0063F838 /* camera0320UITests */ = {
			isa = PBXNativeTarget;
			buildConfigurationList = 583325442425043D0063F838 /* Build configuration list for PBXNativeTarget "camera0320UITests" */;
			buildPhases = (
				B13A0AEC3894F37A7860801A /* [CP] Check Pods Manifest.lock */,
				583325312425043D0063F838 /* Sources */,
				583325322425043D0063F838 /* Frameworks */,
				583325332425043D0063F838 /* Resources */,
			);
			buildRules = (
			);
			dependencies = (
				583325372425043D0063F838 /* PBXTargetDependency */,
			);
			name = camera0320UITests;
			productName = camera0320UITests;
			productReference = 583325352425043D0063F838 /* camera0320UITests.xctest */;
			productType = "com.apple.product-type.bundle.ui-testing";
		};
/* End PBXNativeTarget section */

/* Begin PBXProject section */
		5833250C2425043B0063F838 /* Project object */ = {
			isa = PBXProject;
			attributes = {
				LastSwiftUpdateCheck = 1130;
				LastUpgradeCheck = 1130;
				ORGANIZATIONNAME = "清田武史";
				TargetAttributes = {
					583325132425043B0063F838 = {
						CreatedOnToolsVersion = 11.3.1;
					};
					583325292425043D0063F838 = {
						CreatedOnToolsVersion = 11.3.1;
						TestTargetID = 583325132425043B0063F838;
					};
					583325342425043D0063F838 = {
						CreatedOnToolsVersion = 11.3.1;
						TestTargetID = 583325132425043B0063F838;
					};
				};
			};
			buildConfigurationList = 5833250F2425043B0063F838 /* Build configuration list for PBXProject "camera0320" */;
			compatibilityVersion = "Xcode 9.3";
			developmentRegion = en;
			hasScannedForEncodings = 0;
			knownRegions = (
				en,
				Base,
			);
			mainGroup = 5833250B2425043B0063F838;
			productRefGroup = 583325152425043B0063F838 /* Products */;
			projectDirPath = "";
			projectRoot = "";
			targets = (
				583325132425043B0063F838 /* camera0320 */,
				583325292425043D0063F838 /* camera0320Tests */,
				583325342425043D0063F838 /* camera0320UITests */,
			);
		};
/* End PBXProject section */

/* Begin PBXResourcesBuildPhase section */
		583325122425043B0063F838 /* Resources */ = {
			isa = PBXResourcesBuildPhase;
			buildActionMask = 2147483647;
			files = (
				583325242425043D0063F838 /* LaunchScreen.storyboard in Resources */,
				583325212425043D0063F838 /* Assets.xcassets in Resources */,
				5833251F2425043B0063F838 /* Main.storyboard in Resources */,
			);
			runOnlyForDeploymentPostprocessing = 0;
		};
		583325282425043D0063F838 /* Resources */ = {
			isa = PBXResourcesBuildPhase;
			buildActionMask = 2147483647;
			files = (
			);
			runOnlyForDeploymentPostprocessing = 0;
		};
		583325332425043D0063F838 /* Resources */ = {
			isa = PBXResourcesBuildPhase;
			buildActionMask = 2147483647;
			files = (
			);
			runOnlyForDeploymentPostprocessing = 0;
		};
/* End PBXResourcesBuildPhase section */

/* Begin PBXShellScriptBuildPhase section */
		8B53C0D7A38CE59069D6FD8C /* [CP] Embed Pods Frameworks */ = {
			isa = PBXShellScriptBuildPhase;
			buildActionMask = 2147483647;
			files = (
			);
			inputFileListPaths = (
				"${PODS_ROOT}/Target Support Files/Pods-camera0320/Pods-camera0320-frameworks-${CONFIGURATION}-input-files.xcfilelist",
			);
			name = "[CP] Embed Pods Frameworks";
			outputFileListPaths = (
				"${PODS_ROOT}/Target Support Files/Pods-camera0320/Pods-camera0320-frameworks-${CONFIGURATION}-output-files.xcfilelist",
			);
			runOnlyForDeploymentPostprocessing = 0;
			shellPath = /bin/sh;
			shellScript = "\"${PODS_ROOT}/Target Support Files/Pods-camera0320/Pods-camera0320-frameworks.sh\"\n";
			showEnvVarsInLog = 0;
		};
		AFB7A2DF93B96DBFCF755A1D /* [CP] Check Pods Manifest.lock */ = {
			isa = PBXShellScriptBuildPhase;
			buildActionMask = 2147483647;
			files = (
			);
			inputFileListPaths = (
			);
			inputPaths = (
				"${PODS_PODFILE_DIR_PATH}/Podfile.lock",
				"${PODS_ROOT}/Manifest.lock",
			);
			name = "[CP] Check Pods Manifest.lock";
			outputFileListPaths = (
			);
			outputPaths = (
				"$(DERIVED_FILE_DIR)/Pods-camera0320Tests-checkManifestLockResult.txt",
			);
			runOnlyForDeploymentPostprocessing = 0;
			shellPath = /bin/sh;
			shellScript = "diff \"${PODS_PODFILE_DIR_PATH}/Podfile.lock\" \"${PODS_ROOT}/Manifest.lock\" > /dev/null\nif [ $? != 0 ] ; then\n    # print error to STDERR\n    echo \"error: The sandbox is not in sync with the Podfile.lock. Run 'pod install' or update your CocoaPods installation.\" >&2\n    exit 1\nfi\n# This output is used by Xcode 'outputs' to avoid re-running this script phase.\necho \"SUCCESS\" > \"${SCRIPT_OUTPUT_FILE_0}\"\n";
			showEnvVarsInLog = 0;
		};
		B13A0AEC3894F37A7860801A /* [CP] Check Pods Manifest.lock */ = {
			isa = PBXShellScriptBuildPhase;
			buildActionMask = 2147483647;
			files = (
			);
			inputFileListPaths = (
			);
			inputPaths = (
				"${PODS_PODFILE_DIR_PATH}/Podfile.lock",
				"${PODS_ROOT}/Manifest.lock",
			);
			name = "[CP] Check Pods Manifest.lock";
			outputFileListPaths = (
			);
			outputPaths = (
				"$(DERIVED_FILE_DIR)/Pods-camera0320UITests-checkManifestLockResult.txt",
			);
			runOnlyForDeploymentPostprocessing = 0;
			shellPath = /bin/sh;
			shellScript = "diff \"${PODS_PODFILE_DIR_PATH}/Podfile.lock\" \"${PODS_ROOT}/Manifest.lock\" > /dev/null\nif [ $? != 0 ] ; then\n    # print error to STDERR\n    echo \"error: The sandbox is not in sync with the Podfile.lock. Run 'pod install' or update your CocoaPods installation.\" >&2\n    exit 1\nfi\n# This output is used by Xcode 'outputs' to avoid re-running this script phase.\necho \"SUCCESS\" > \"${SCRIPT_OUTPUT_FILE_0}\"\n";
			showEnvVarsInLog = 0;
		};
		ED20840180405218C4DC1D36 /* [CP] Check Pods Manifest.lock */ = {
			isa = PBXShellScriptBuildPhase;
			buildActionMask = 2147483647;
			files = (
			);
			inputFileListPaths = (
			);
			inputPaths = (
				"${PODS_PODFILE_DIR_PATH}/Podfile.lock",
				"${PODS_ROOT}/Manifest.lock",
			);
			name = "[CP] Check Pods Manifest.lock";
			outputFileListPaths = (
			);
			outputPaths = (
				"$(DERIVED_FILE_DIR)/Pods-camera0320-checkManifestLockResult.txt",
			);
			runOnlyForDeploymentPostprocessing = 0;
			shellPath = /bin/sh;
			shellScript = "diff \"${PODS_PODFILE_DIR_PATH}/Podfile.lock\" \"${PODS_ROOT}/Manifest.lock\" > /dev/null\nif [ $? != 0 ] ; then\n    # print error to STDERR\n    echo \"error: The sandbox is not in sync with the Podfile.lock. Run 'pod install' or update your CocoaPods installation.\" >&2\n    exit 1\nfi\n# This output is used by Xcode 'outputs' to avoid re-running this script phase.\necho \"SUCCESS\" > \"${SCRIPT_OUTPUT_FILE_0}\"\n";
			showEnvVarsInLog = 0;
		};
/* End PBXShellScriptBuildPhase section */

/* Begin PBXSourcesBuildPhase section */
		583325102425043B0063F838 /* Sources */ = {
			isa = PBXSourcesBuildPhase;
			buildActionMask = 2147483647;
			files = (
				5833251C2425043B0063F838 /* ViewController.swift in Sources */,
				583325182425043B0063F838 /* AppDelegate.swift in Sources */,
				5833251A2425043B0063F838 /* SceneDelegate.swift in Sources */,
			);
			runOnlyForDeploymentPostprocessing = 0;
		};
		583325262425043D0063F838 /* Sources */ = {
			isa = PBXSourcesBuildPhase;
			buildActionMask = 2147483647;
			files = (
				5833252F2425043D0063F838 /* camera0320Tests.swift in Sources */,
			);
			runOnlyForDeploymentPostprocessing = 0;
		};
		583325312425043D0063F838 /* Sources */ = {
			isa = PBXSourcesBuildPhase;
			buildActionMask = 2147483647;
			files = (
				5833253A2425043D0063F838 /* camera0320UITests.swift in Sources */,
			);
			runOnlyForDeploymentPostprocessing = 0;
		};
/* End PBXSourcesBuildPhase section */

/* Begin PBXTargetDependency section */
		5833252C2425043D0063F838 /* PBXTargetDependency */ = {
			isa = PBXTargetDependency;
			target = 583325132425043B0063F838 /* camera0320 */;
			targetProxy = 5833252B2425043D0063F838 /* PBXContainerItemProxy */;
		};
		583325372425043D0063F838 /* PBXTargetDependency */ = {
			isa = PBXTargetDependency;
			target = 583325132425043B0063F838 /* camera0320 */;
			targetProxy = 583325362425043D0063F838 /* PBXContainerItemProxy */;
		};
/* End PBXTargetDependency section */

/* Begin PBXVariantGroup section */
		5833251D2425043B0063F838 /* Main.storyboard */ = {
			isa = PBXVariantGroup;
			children = (
				5833251E2425043B0063F838 /* Base */,
			);
			name = Main.storyboard;
			sourceTree = "<group>";
		};
		583325222425043D0063F838 /* LaunchScreen.storyboard */ = {
			isa = PBXVariantGroup;
			children = (
				583325232425043D0063F838 /* Base */,
			);
			name = LaunchScreen.storyboard;
			sourceTree = "<group>";
		};
/* End PBXVariantGroup section */

/* Begin XCBuildConfiguration section */
		5833253C2425043D0063F838 /* Debug */ = {
			isa = XCBuildConfiguration;
			buildSettings = {
				ALWAYS_SEARCH_USER_PATHS = NO;
				CLANG_ANALYZER_NONNULL = YES;
				CLANG_ANALYZER_NUMBER_OBJECT_CONVERSION = YES_AGGRESSIVE;
				CLANG_CXX_LANGUAGE_STANDARD = "gnu++14";
				CLANG_CXX_LIBRARY = "libc++";
				CLANG_ENABLE_MODULES = YES;
				CLANG_ENABLE_OBJC_ARC = YES;
				CLANG_ENABLE_OBJC_WEAK = YES;
				CLANG_WARN_BLOCK_CAPTURE_AUTORELEASING = YES;
				CLANG_WARN_BOOL_CONVERSION = YES;
				CLANG_WARN_COMMA = YES;
				CLANG_WARN_CONSTANT_CONVERSION = YES;
				CLANG_WARN_DEPRECATED_OBJC_IMPLEMENTATIONS = YES;
				CLANG_WARN_DIRECT_OBJC_ISA_USAGE = YES_ERROR;
				CLANG_WARN_DOCUMENTATION_COMMENTS = YES;
				CLANG_WARN_EMPTY_BODY = YES;
				CLANG_WARN_ENUM_CONVERSION = YES;
				CLANG_WARN_INFINITE_RECURSION = YES;
				CLANG_WARN_INT_CONVERSION = YES;
				CLANG_WARN_NON_LITERAL_NULL_CONVERSION = YES;
				CLANG_WARN_OBJC_IMPLICIT_RETAIN_SELF = YES;
				CLANG_WARN_OBJC_LITERAL_CONVERSION = YES;
				CLANG_WARN_OBJC_ROOT_CLASS = YES_ERROR;
				CLANG_WARN_RANGE_LOOP_ANALYSIS = YES;
				CLANG_WARN_STRICT_PROTOTYPES = YES;
				CLANG_WARN_SUSPICIOUS_MOVE = YES;
				CLANG_WARN_UNGUARDED_AVAILABILITY = YES_AGGRESSIVE;
				CLANG_WARN_UNREACHABLE_CODE = YES;
				CLANG_WARN__DUPLICATE_METHOD_MATCH = YES;
				COPY_PHASE_STRIP = NO;
				DEBUG_INFORMATION_FORMAT = dwarf;
				ENABLE_STRICT_OBJC_MSGSEND = YES;
				ENABLE_TESTABILITY = YES;
				GCC_C_LANGUAGE_STANDARD = gnu11;
				GCC_DYNAMIC_NO_PIC = NO;
				GCC_NO_COMMON_BLOCKS = YES;
				GCC_OPTIMIZATION_LEVEL = 0;
				GCC_PREPROCESSOR_DEFINITIONS = (
					"DEBUG=1",
					"$(inherited)",
				);
				GCC_WARN_64_TO_32_BIT_CONVERSION = YES;
				GCC_WARN_ABOUT_RETURN_TYPE = YES_ERROR;
				GCC_WARN_UNDECLARED_SELECTOR = YES;
				GCC_WARN_UNINITIALIZED_AUTOS = YES_AGGRESSIVE;
				GCC_WARN_UNUSED_FUNCTION = YES;
				GCC_WARN_UNUSED_VARIABLE = YES;
				IPHONEOS_DEPLOYMENT_TARGET = 13.2;
				MTL_ENABLE_DEBUG_INFO = INCLUDE_SOURCE;
				MTL_FAST_MATH = YES;
				ONLY_ACTIVE_ARCH = YES;
				SDKROOT = iphoneos;
				SWIFT_ACTIVE_COMPILATION_CONDITIONS = DEBUG;
				SWIFT_OPTIMIZATION_LEVEL = "-Onone";
			};
			name = Debug;
		};
		5833253D2425043D0063F838 /* Release */ = {
			isa = XCBuildConfiguration;
			buildSettings = {
				ALWAYS_SEARCH_USER_PATHS = NO;
				CLANG_ANALYZER_NONNULL = YES;
				CLANG_ANALYZER_NUMBER_OBJECT_CONVERSION = YES_AGGRESSIVE;
				CLANG_CXX_LANGUAGE_STANDARD = "gnu++14";
				CLANG_CXX_LIBRARY = "libc++";
				CLANG_ENABLE_MODULES = YES;
				CLANG_ENABLE_OBJC_ARC = YES;
				CLANG_ENABLE_OBJC_WEAK = YES;
				CLANG_WARN_BLOCK_CAPTURE_AUTORELEASING = YES;
				CLANG_WARN_BOOL_CONVERSION = YES;
				CLANG_WARN_COMMA = YES;
				CLANG_WARN_CONSTANT_CONVERSION = YES;
				CLANG_WARN_DEPRECATED_OBJC_IMPLEMENTATIONS = YES;
				CLANG_WARN_DIRECT_OBJC_ISA_USAGE = YES_ERROR;
				CLANG_WARN_DOCUMENTATION_COMMENTS = YES;
				CLANG_WARN_EMPTY_BODY = YES;
				CLANG_WARN_ENUM_CONVERSION = YES;
				CLANG_WARN_INFINITE_RECURSION = YES;
				CLANG_WARN_INT_CONVERSION = YES;
				CLANG_WARN_NON_LITERAL_NULL_CONVERSION = YES;
				CLANG_WARN_OBJC_IMPLICIT_RETAIN_SELF = YES;
				CLANG_WARN_OBJC_LITERAL_CONVERSION = YES;
				CLANG_WARN_OBJC_ROOT_CLASS = YES_ERROR;
				CLANG_WARN_RANGE_LOOP_ANALYSIS = YES;
				CLANG_WARN_STRICT_PROTOTYPES = YES;
				CLANG_WARN_SUSPICIOUS_MOVE = YES;
				CLANG_WARN_UNGUARDED_AVAILABILITY = YES_AGGRESSIVE;
				CLANG_WARN_UNREACHABLE_CODE = YES;
				CLANG_WARN__DUPLICATE_METHOD_MATCH = YES;
				COPY_PHASE_STRIP = NO;
				DEBUG_INFORMATION_FORMAT = "dwarf-with-dsym";
				ENABLE_NS_ASSERTIONS = NO;
				ENABLE_STRICT_OBJC_MSGSEND = YES;
				GCC_C_LANGUAGE_STANDARD = gnu11;
				GCC_NO_COMMON_BLOCKS = YES;
				GCC_WARN_64_TO_32_BIT_CONVERSION = YES;
				GCC_WARN_ABOUT_RETURN_TYPE = YES_ERROR;
				GCC_WARN_UNDECLARED_SELECTOR = YES;
				GCC_WARN_UNINITIALIZED_AUTOS = YES_AGGRESSIVE;
				GCC_WARN_UNUSED_FUNCTION = YES;
				GCC_WARN_UNUSED_VARIABLE = YES;
				IPHONEOS_DEPLOYMENT_TARGET = 13.2;
				MTL_ENABLE_DEBUG_INFO = NO;
				MTL_FAST_MATH = YES;
				SDKROOT = iphoneos;
				SWIFT_COMPILATION_MODE = wholemodule;
				SWIFT_OPTIMIZATION_LEVEL = "-O";
				VALIDATE_PRODUCT = YES;
			};
			name = Release;
		};
		5833253F2425043D0063F838 /* Debug */ = {
			isa = XCBuildConfiguration;
			baseConfigurationReference = 635E6AC3EBA9DB1C0441CE50 /* Pods-camera0320.debug.xcconfig */;
			buildSettings = {
				ASSETCATALOG_COMPILER_APPICON_NAME = AppIcon;
				CODE_SIGN_STYLE = Automatic;
				DEVELOPMENT_TEAM = DKHZWVTP4N;
				INFOPLIST_FILE = camera0320/Info.plist;
				LD_RUNPATH_SEARCH_PATHS = (
					"$(inherited)",
					"@executable_path/Frameworks",
				);
				PRODUCT_BUNDLE_IDENTIFIER = kiyota.camera0320;
				PRODUCT_NAME = "$(TARGET_NAME)";
				SWIFT_VERSION = 5.0;
				TARGETED_DEVICE_FAMILY = "1,2";
			};
			name = Debug;
		};
		583325402425043D0063F838 /* Release */ = {
			isa = XCBuildConfiguration;
			baseConfigurationReference = 91B89D2E36D78EAE59FF88E0 /* Pods-camera0320.release.xcconfig */;
			buildSettings = {
				ASSETCATALOG_COMPILER_APPICON_NAME = AppIcon;
				CODE_SIGN_STYLE = Automatic;
				DEVELOPMENT_TEAM = DKHZWVTP4N;
				INFOPLIST_FILE = camera0320/Info.plist;
				LD_RUNPATH_SEARCH_PATHS = (
					"$(inherited)",
					"@executable_path/Frameworks",
				);
				PRODUCT_BUNDLE_IDENTIFIER = kiyota.camera0320;
				PRODUCT_NAME = "$(TARGET_NAME)";
				SWIFT_VERSION = 5.0;
				TARGETED_DEVICE_FAMILY = "1,2";
			};
			name = Release;
		};
		583325422425043D0063F838 /* Debug */ = {
			isa = XCBuildConfiguration;
			baseConfigurationReference = BB18F26E568489A2675C4D78 /* Pods-camera0320Tests.debug.xcconfig */;
			buildSettings = {
				ALWAYS_EMBED_SWIFT_STANDARD_LIBRARIES = YES;
				BUNDLE_LOADER = "$(TEST_HOST)";
				CODE_SIGN_STYLE = Automatic;
				DEVELOPMENT_TEAM = DKHZWVTP4N;
				INFOPLIST_FILE = camera0320Tests/Info.plist;
				IPHONEOS_DEPLOYMENT_TARGET = 13.2;
				LD_RUNPATH_SEARCH_PATHS = (
					"$(inherited)",
					"@executable_path/Frameworks",
					"@loader_path/Frameworks",
				);
				PRODUCT_BUNDLE_IDENTIFIER = kiyota.camera0320Tests;
				PRODUCT_NAME = "$(TARGET_NAME)";
				SWIFT_VERSION = 5.0;
				TARGETED_DEVICE_FAMILY = "1,2";
				TEST_HOST = "$(BUILT_PRODUCTS_DIR)/camera0320.app/camera0320";
			};
			name = Debug;
		};
		583325432425043D0063F838 /* Release */ = {
			isa = XCBuildConfiguration;
			baseConfigurationReference = CD27A96DBA269DE56FD71E6A /* Pods-camera0320Tests.release.xcconfig */;
			buildSettings = {
				ALWAYS_EMBED_SWIFT_STANDARD_LIBRARIES = YES;
				BUNDLE_LOADER = "$(TEST_HOST)";
				CODE_SIGN_STYLE = Automatic;
				DEVELOPMENT_TEAM = DKHZWVTP4N;
				INFOPLIST_FILE = camera0320Tests/Info.plist;
				IPHONEOS_DEPLOYMENT_TARGET = 13.2;
				LD_RUNPATH_SEARCH_PATHS = (
					"$(inherited)",
					"@executable_path/Frameworks",
					"@loader_path/Frameworks",
				);
				PRODUCT_BUNDLE_IDENTIFIER = kiyota.camera0320Tests;
				PRODUCT_NAME = "$(TARGET_NAME)";
				SWIFT_VERSION = 5.0;
				TARGETED_DEVICE_FAMILY = "1,2";
				TEST_HOST = "$(BUILT_PRODUCTS_DIR)/camera0320.app/camera0320";
			};
			name = Release;
		};
		583325452425043D0063F838 /* Debug */ = {
			isa = XCBuildConfiguration;
			baseConfigurationReference = DDA5BD1756EE698CA937C910 /* Pods-camera0320UITests.debug.xcconfig */;
			buildSettings = {
				ALWAYS_EMBED_SWIFT_STANDARD_LIBRARIES = YES;
				CODE_SIGN_STYLE = Automatic;
				DEVELOPMENT_TEAM = DKHZWVTP4N;
				INFOPLIST_FILE = camera0320UITests/Info.plist;
				LD_RUNPATH_SEARCH_PATHS = (
					"$(inherited)",
					"@executable_path/Frameworks",
					"@loader_path/Frameworks",
				);
				PRODUCT_BUNDLE_IDENTIFIER = kiyota.camera0320UITests;
				PRODUCT_NAME = "$(TARGET_NAME)";
				SWIFT_VERSION = 5.0;
				TARGETED_DEVICE_FAMILY = "1,2";
				TEST_TARGET_NAME = camera0320;
			};
			name = Debug;
		};
		583325462425043D0063F838 /* Release */ = {
			isa = XCBuildConfiguration;
			baseConfigurationReference = 8E552C24EE0872A5145060C4 /* Pods-camera0320UITests.release.xcconfig */;
			buildSettings = {
				ALWAYS_EMBED_SWIFT_STANDARD_LIBRARIES = YES;
				CODE_SIGN_STYLE = Automatic;
				DEVELOPMENT_TEAM = DKHZWVTP4N;
				INFOPLIST_FILE = camera0320UITests/Info.plist;
				LD_RUNPATH_SEARCH_PATHS = (
					"$(inherited)",
					"@executable_path/Frameworks",
					"@loader_path/Frameworks",
				);
				PRODUCT_BUNDLE_IDENTIFIER = kiyota.camera0320UITests;
				PRODUCT_NAME = "$(TARGET_NAME)";
				SWIFT_VERSION = 5.0;
				TARGETED_DEVICE_FAMILY = "1,2";
				TEST_TARGET_NAME = camera0320;
			};
			name = Release;
		};
/* End XCBuildConfiguration section */

/* Begin XCConfigurationList section */
		5833250F2425043B0063F838 /* Build configuration list for PBXProject "camera0320" */ = {
			isa = XCConfigurationList;
			buildConfigurations = (
				5833253C2425043D0063F838 /* Debug */,
				5833253D2425043D0063F838 /* Release */,
			);
			defaultConfigurationIsVisible = 0;
			defaultConfigurationName = Release;
		};
		5833253E2425043D0063F838 /* Build configuration list for PBXNativeTarget "camera0320" */ = {
			isa = XCConfigurationList;
			buildConfigurations = (
				5833253F2425043D0063F838 /* Debug */,
				583325402425043D0063F838 /* Release */,
			);
			defaultConfigurationIsVisible = 0;
			defaultConfigurationName = Release;
		};
		583325412425043D0063F838 /* Build configuration list for PBXNativeTarget "camera0320Tests" */ = {
			isa = XCConfigurationList;
			buildConfigurations = (
				583325422425043D0063F838 /* Debug */,
				583325432425043D0063F838 /* Release */,
			);
			defaultConfigurationIsVisible = 0;
			defaultConfigurationName = Release;
		};
		583325442425043D0063F838 /* Build configuration list for PBXNativeTarget "camera0320UITests" */ = {
			isa = XCConfigurationList;
			buildConfigurations = (
				583325452425043D0063F838 /* Debug */,
				583325462425043D0063F838 /* Release */,
			);
			defaultConfigurationIsVisible = 0;
			defaultConfigurationName = Release;
		};
/* End XCConfigurationList section */
	};
	rootObject = 5833250C2425043B0063F838 /* Project object */;
}
